github.com/creack/pty v1.1.9/go.mod h1:oKZEueFk5CKHvIhNR5MUki03XCEU+Q6VDXinZuGJ33E=
github.com/kr/pretty v0.3.1 h1:flRD4NNwYAUpkphVc1HcthR4KEIFJ65n8Mw5qdRn3LE=
github.com/kr/pretty v0.3.1/go.mod h1:hoEshYVHaxMs3cyo3Yncou5ZscifuDolrwPKZanG3xk=
github.com/kr/text v0.2.0 h1:5Nx0Ya0ZqY2ygV366QzturHI13Jq95ApcVaJBhpS+AY=
github.com/kr/text v0.2.0/go.mod h1:eLer722TekiGuMkidMxC/pM04lWEeraHUUmBw8l2grE=
github.com/pkg/diff v0.0.0-20210226163009-20ebb0f2a09e/go.mod h1:pJLUxLENpZxwdsKMEsNbx1VGcRFpLqf3715MtcvvzbA=
github.com/rogpeppe/go-internal v1.9.0/go.mod h1:WtVeX8xhTBvf0smdhujwtBcq4Qrzq/fJaraNFVN+nFs=
github.com/rogpeppe/go-internal v1.16.0 h1:O9DK+vNMDVGLr2BeZqmpLeMjiMNkuXfcqntWbZV6S5g=
github.com/rogpeppe/go-internal v1.16.0/go.mod h1:DrUVZyrJU+txYW5/1kwtXQSMFio52ZOxX7yM1VHvnxs=
github.com/vault-thirteen/JSON-RPC-M1 v0.3.30 h1:/bJGfZ1Fbm1DfPvH8JNDCxI2ssn4YZWijEYbAS236Ow=
github.com/vault-thirteen/JSON-RPC-M1 v0.3.30/go.mod h1:RwWo5unmmCGTflK7GYm9OC0mSpIf9OEirbQQ6ogdD0Q=
github.com/vault-thirteen/Simpel-Chat-Server/src v0.7.7 h1:DfoYk9KXj1m+8YGUyAb76yrv8tWlWqgEsJFmw7iM1DU=
github.com/vault-thirteen/Simpel-Chat-Server/src v0.7.7/go.mod h1:RjLqgMdFGug8NrBzo865ez2LBFu/QKbDOE4cwAZHcMo=
github.com/vault-thirteen/auxie v0.37.0 h1:tpJmUogKEqxq50KhOZ/5XTInWf8Bbq4ZVv2K3AOU5aE=
github.com/vault-thirteen/auxie v0.37.0/go.mod h1:1H47lwQIorxPY8f9DKFfjxzzPbw2ve01n09w/DOaV5c=
golang.org/x/sys v0.48.0 h1:bbX/i/6MgT9BVLM9RT1thmxL04yeTAhbEz4SyadbXoo=
golang.org/x/sys v0.48.0/go.mod h1:hNLxWAXmnKAxqDtdwIYC4bM9oQPEecfsnNMuSxOs3og=
golang.org/x/term v0.46.0 h1:3+OXuTbaKDgwk8jTi3aSLHRlmWqHEUDUtxnbFigO4YE=
golang.org/x/term v0.46.0/go.mod h1:+K02xbkittuwc0Am4abfA3Fc+XRGXkvBXNO88NCXPoc=
