github.com/creack/pty v1.1.9/go.mod h1:oKZEueFk5CKHvIhNR5MUki03XCEU+Q6VDXinZuGJ33E=
github.com/kr/pretty v0.3.1 h1:flRD4NNwYAUpkphVc1HcthR4KEIFJ65n8Mw5qdRn3LE=
github.com/kr/pretty v0.3.1/go.mod h1:hoEshYVHaxMs3cyo3Yncou5ZscifuDolrwPKZanG3xk=
github.com/kr/text v0.2.0 h1:5Nx0Ya0ZqY2ygV366QzturHI13Jq95ApcVaJBhpS+AY=
github.com/kr/text v0.2.0/go.mod h1:eLer722TekiGuMkidMxC/pM04lWEeraHUUmBw8l2grE=
github.com/pkg/diff v0.0.0-20210226163009-20ebb0f2a09e/go.mod h1:pJLUxLENpZxwdsKMEsNbx1VGcRFpLqf3715MtcvvzbA=
github.com/rogpeppe/go-internal v1.9.0/go.mod h1:WtVeX8xhTBvf0smdhujwtBcq4Qrzq/fJaraNFVN+nFs=
github.com/rogpeppe/go-internal v1.16.0 h1:O9DK+vNMDVGLr2BeZqmpLeMjiMNkuXfcqntWbZV6S5g=
github.com/rogpeppe/go-internal v1.16.0/go.mod h1:DrUVZyrJU+txYW5/1kwtXQSMFio52ZOxX7yM1VHvnxs=
github.com/vault-thirteen/JSON-RPC-M1 v0.3.28 h1:9CHD7uCjVycYPhQoxi2n1BbMx0VYDSwRLNIGwMOeCDg=
github.com/vault-thirteen/JSON-RPC-M1 v0.3.28/go.mod h1:6lDX9Aaocem4kN7vN6Ym0LNBvx5O1otznMJtSTqno+4=
github.com/vault-thirteen/Simpel-Chat-Server/src v0.7.5 h1:h/gtlV7WJF/UtuEZLUfDcCU/vg1vFDgFiVfHm2XBIHk=
github.com/vault-thirteen/Simpel-Chat-Server/src v0.7.5/go.mod h1:LRW+jQ8NYCV5/dbyWzIhYmGLhRiHGrrd68ArSRXo63A=
github.com/vault-thirteen/auxie v0.36.8 h1:ORyARdYr9ukfipgh+ZmAlOaFXd/hKsEVPCWHOSxdjWc=
github.com/vault-thirteen/auxie v0.36.8/go.mod h1:uQgKrRlcRQNdEFqzAEnYlxhCYVDhgNZPDJgygOvK0WM=
golang.org/x/sys v0.47.0 h1:o7XGOvZQCADBQQ4Y7VNq2dRWQR7JmOUW8Kxx4ZsNgWs=
golang.org/x/sys v0.47.0/go.mod h1:4GL1E5IUh+htKOUEOaiffhrAeqysfVGipDYzABqnCmw=
golang.org/x/term v0.45.0 h1:NwWyBmoJCbfTHpxrWoZ9C6/VxOf7ic219I8xZZFdrf0=
golang.org/x/term v0.45.0/go.mod h1:9aqxs0blBcrm/n0L9QW0aRVD+ktan8ssZromtqJC43w=
