github.com/creack/pty v1.1.9/go.mod h1:oKZEueFk5CKHvIhNR5MUki03XCEU+Q6VDXinZuGJ33E=
github.com/kr/pretty v0.3.1 h1:flRD4NNwYAUpkphVc1HcthR4KEIFJ65n8Mw5qdRn3LE=
github.com/kr/pretty v0.3.1/go.mod h1:hoEshYVHaxMs3cyo3Yncou5ZscifuDolrwPKZanG3xk=
github.com/kr/text v0.2.0 h1:5Nx0Ya0ZqY2ygV366QzturHI13Jq95ApcVaJBhpS+AY=
github.com/kr/text v0.2.0/go.mod h1:eLer722TekiGuMkidMxC/pM04lWEeraHUUmBw8l2grE=
github.com/pkg/diff v0.0.0-20210226163009-20ebb0f2a09e/go.mod h1:pJLUxLENpZxwdsKMEsNbx1VGcRFpLqf3715MtcvvzbA=
github.com/rogpeppe/go-internal v1.9.0/go.mod h1:WtVeX8xhTBvf0smdhujwtBcq4Qrzq/fJaraNFVN+nFs=
github.com/rogpeppe/go-internal v1.14.1 h1:UQB4HGPB6osV0SQTLymcB4TgvyWu6ZyliaW0tI/otEQ=
github.com/rogpeppe/go-internal v1.14.1/go.mod h1:MaRKkUm5W0goXpeCfT7UZI6fk/L7L7so1lCWt35ZSgc=
github.com/vault-thirteen/JSON-RPC-M1 v0.3.26 h1:rfitQwnAVBskb5nnVJ3xroyeSMTsV+UBULG0/Uz38Dk=
github.com/vault-thirteen/JSON-RPC-M1 v0.3.26/go.mod h1:PSIjuRZ/o/ACD9jTXiGX6Wyr+Ze74EKY1hvv7m0AaHA=
github.com/vault-thirteen/Simpel-Chat-Server/src v0.7.2 h1:IqmPA6/ltoPyah+Og9IQ6QnPgTMguiTCD0baAPy4iJE=
github.com/vault-thirteen/Simpel-Chat-Server/src v0.7.2/go.mod h1:Y3gb9zcxqUISprU2fmSfzEXnrORt+AvpuQlxy9lxazo=
github.com/vault-thirteen/auxie v0.36.5 h1:8PHeARDBS3+6iGAbG/1ga0GLiGfCklrb/+QN9WCjmNc=
github.com/vault-thirteen/auxie v0.36.5/go.mod h1:SonboDhVK0Sx8Zycp40/uapGhVTMTq6KqkYhSuv9PP0=
golang.org/x/sys v0.44.0 h1:ildZl3J4uzeKP07r2F++Op7E9B29JRUy+a27EibtBTQ=
golang.org/x/sys v0.44.0/go.mod h1:4GL1E5IUh+htKOUEOaiffhrAeqysfVGipDYzABqnCmw=
golang.org/x/term v0.43.0 h1:S4RLU2sB31O/NCl+zFN9Aru9A/Cq2aqKpTZJ6B+DwT4=
golang.org/x/term v0.43.0/go.mod h1:lrhlHNdQJHO+1qVYiHfFKVuVioJIheAc3fBSMFYEIsk=
